{
  "name": "server_compiler_scripts",
  "version": "1.0.0",
  "lockfileVersion": 2,
  "requires": true,
  "packages": {
    "": {
      "name": "server_compiler_scripts",
      "version": "1.0.0",
      "license": "ISC",
      "dependencies": {
        "pretty_printer_for_humans": "^1.2.0"
      }
    },
    "node_modules/pretty_printer_for_humans": {
      "version": "1.2.0",
      "resolved": "https://registry.npmjs.org/pretty_printer_for_humans/-/pretty_printer_for_humans-1.2.0.tgz",
      "integrity": "sha512-+EmwSDL1WRzBxqpqh1JwmOi21qTTeNi0jq1VUAcz3gxNjAOPZLoh+TOwPTAezn+rjngYrw90XssBhdeZFq0Suw=="
    }
  },
  "dependencies": {
    "pretty_printer_for_humans": {
      "version": "1.2.0",
      "resolved": "https://registry.npmjs.org/pretty_printer_for_humans/-/pretty_printer_for_humans-1.2.0.tgz",
      "integrity": "sha512-+EmwSDL1WRzBxqpqh1JwmOi21qTTeNi0jq1VUAcz3gxNjAOPZLoh+TOwPTAezn+rjngYrw90XssBhdeZFq0Suw=="
    }
  }
}
