{
  "name": "compiler_scripts_wasm",
  "version": "1.0.0",
  "lockfileVersion": 2,
  "requires": true,
  "packages": {
    "": {
      "name": "compiler_scripts_wasm",
      "version": "1.0.0",
      "license": "MIT",
      "dependencies": {
        "is-docker": "^3.0.0",
        "pretty_printer_for_humans": "^1.2.0",
        "rimraf": "^4.1.3"
      }
    },
    "node_modules/is-docker": {
      "version": "3.0.0",
      "resolved": "https://registry.npmjs.org/is-docker/-/is-docker-3.0.0.tgz",
      "integrity": "sha512-eljcgEDlEns/7AXFosB5K/2nCM4P7FQPkGc/DWLy5rmFEWvZayGrik1d9/QIY5nJ4f9YsVvBkA6kJpHn9rISdQ==",
      "bin": {
        "is-docker": "cli.js"
      },
      "engines": {
        "node": "^12.20.0 || ^14.13.1 || >=16.0.0"
      },
      "funding": {
        "url": "https://github.com/sponsors/sindresorhus"
      }
    },
    "node_modules/pretty_printer_for_humans": {
      "version": "1.2.0",
      "resolved": "https://registry.npmjs.org/pretty_printer_for_humans/-/pretty_printer_for_humans-1.2.0.tgz",
      "integrity": "sha512-+EmwSDL1WRzBxqpqh1JwmOi21qTTeNi0jq1VUAcz3gxNjAOPZLoh+TOwPTAezn+rjngYrw90XssBhdeZFq0Suw=="
    },
    "node_modules/rimraf": {
      "version": "4.1.3",
      "resolved": "https://registry.npmjs.org/rimraf/-/rimraf-4.1.3.tgz",
      "integrity": "sha512-iyzalDLo3l5FZxxaIGUY7xI4Bf90Xt7pCipc1Mr7RsdU7H3538z+M0tlsUDrz0aHeGS9uNqiKHUJyTewwRP91Q==",
      "bin": {
        "rimraf": "dist/cjs/src/bin.js"
      },
      "engines": {
        "node": ">=14"
      },
      "funding": {
        "url": "https://github.com/sponsors/isaacs"
      }
    }
  },
  "dependencies": {
    "is-docker": {
      "version": "3.0.0",
      "resolved": "https://registry.npmjs.org/is-docker/-/is-docker-3.0.0.tgz",
      "integrity": "sha512-eljcgEDlEns/7AXFosB5K/2nCM4P7FQPkGc/DWLy5rmFEWvZayGrik1d9/QIY5nJ4f9YsVvBkA6kJpHn9rISdQ=="
    },
    "pretty_printer_for_humans": {
      "version": "1.2.0",
      "resolved": "https://registry.npmjs.org/pretty_printer_for_humans/-/pretty_printer_for_humans-1.2.0.tgz",
      "integrity": "sha512-+EmwSDL1WRzBxqpqh1JwmOi21qTTeNi0jq1VUAcz3gxNjAOPZLoh+TOwPTAezn+rjngYrw90XssBhdeZFq0Suw=="
    },
    "rimraf": {
      "version": "4.1.3",
      "resolved": "https://registry.npmjs.org/rimraf/-/rimraf-4.1.3.tgz",
      "integrity": "sha512-iyzalDLo3l5FZxxaIGUY7xI4Bf90Xt7pCipc1Mr7RsdU7H3538z+M0tlsUDrz0aHeGS9uNqiKHUJyTewwRP91Q=="
    }
  }
}
